
Microsoft Visual Studio Solution File, Format Version 12.00
# Visual Studio 15
VisualStudioVersion = 15.0.26403.7
MinimumVisualStudioVersion = 10.0.40219.1
Project("{FAE04EC0-301F-11D3-BF4B-00C04F79EFBC}") = "ConsoleTest01", "ConsoleTest01\ConsoleTest01.csproj", "{79E59ABA-9F41-43F4-A0F1-7CB45BDD8A06}"
EndProject
Project("{FAE04EC0-301F-11D3-BF4B-00C04F79EFBC}") = "DotNet.Utilities", "DotNet.Utilities\DotNet.Utilities.csproj", "{FC0AAD43-86BF-4D11-B291-88FF7BF1C509}"
EndProject
Project("{FAE04EC0-301F-11D3-BF4B-00C04F79EFBC}") = "DotNet.Utilities35", "DotNet.Utilities35\DotNet.Utilities35.csproj", "{9D09380F-8C39-4AB9-82B4-8E6FD5525059}"
EndProject
Global
	GlobalSection(SolutionConfigurationPlatforms) = preSolution
		Debug|Any CPU = Debug|Any CPU
		Release|Any CPU = Release|Any CPU
	EndGlobalSection
	GlobalSection(ProjectConfigurationPlatforms) = postSolution
		{79E59ABA-9F41-43F4-A0F1-7CB45BDD8A06}.Debug|Any CPU.ActiveCfg = Debug|Any CPU
		{79E59ABA-9F41-43F4-A0F1-7CB45BDD8A06}.Debug|Any CPU.Build.0 = Debug|Any CPU
		{79E59ABA-9F41-43F4-A0F1-7CB45BDD8A06}.Release|Any CPU.ActiveCfg = Release|Any CPU
		{79E59ABA-9F41-43F4-A0F1-7CB45BDD8A06}.Release|Any CPU.Build.0 = Release|Any CPU
		{FC0AAD43-86BF-4D11-B291-88FF7BF1C509}.Debug|Any CPU.ActiveCfg = Debug|Any CPU
		{FC0AAD43-86BF-4D11-B291-88FF7BF1C509}.Debug|Any CPU.Build.0 = Debug|Any CPU
		{FC0AAD43-86BF-4D11-B291-88FF7BF1C509}.Release|Any CPU.ActiveCfg = Release|Any CPU
		{FC0AAD43-86BF-4D11-B291-88FF7BF1C509}.Release|Any CPU.Build.0 = Release|Any CPU
		{9D09380F-8C39-4AB9-82B4-8E6FD5525059}.Debug|Any CPU.ActiveCfg = Debug|Any CPU
		{9D09380F-8C39-4AB9-82B4-8E6FD5525059}.Debug|Any CPU.Build.0 = Debug|Any CPU
		{9D09380F-8C39-4AB9-82B4-8E6FD5525059}.Release|Any CPU.ActiveCfg = Release|Any CPU
		{9D09380F-8C39-4AB9-82B4-8E6FD5525059}.Release|Any CPU.Build.0 = Release|Any CPU
	EndGlobalSection
	GlobalSection(SolutionProperties) = preSolution
		HideSolutionNode = FALSE
	EndGlobalSection
EndGlobal
