
Microsoft Visual Studio Solution File, Format Version 12.00
# Visual Studio 15
VisualStudioVersion = 15.0.26606.0
MinimumVisualStudioVersion = 10.0.40219.1
Project("{FAE04EC0-301F-11D3-BF4B-00C04F79EFBC}") = "ConsoleTest01", "ConsoleTest01\ConsoleTest01.csproj", "{79E59ABA-9F41-43F4-A0F1-7CB45BDD8A06}"
EndProject
Project("{FAE04EC0-301F-11D3-BF4B-00C04F79EFBC}") = "FsLib.Common35", "DotNet.Utilities\FsLib.Common35.csproj", "{4361BB99-0374-4A6F-BFD3-4ABC35ABCF44}"
EndProject
Project("{FAE04EC0-301F-11D3-BF4B-00C04F79EFBC}") = "FsLib.Common452", "DotNet.Utilities\FsLib.Common452.csproj", "{B369C8A2-C55D-414D-BBBB-CCCF04B99822}"
EndProject
Project("{FAE04EC0-301F-11D3-BF4B-00C04F79EFBC}") = "FsLib.Common", "FsLib.Common\FsLib.Common.csproj", "{FC0AAD43-86BF-4D11-B291-88FF7BF1C509}"
EndProject
Project("{9A19103F-16F7-4668-BE54-9A1E7A4F7556}") = "FsLib.Common.Standard", "FsLib.Common.Standard\FsLib.Common.Standard.csproj", "{12FDA985-C5B7-46CC-AD56-858074BCCF10}"
EndProject
Global
	GlobalSection(SolutionConfigurationPlatforms) = preSolution
		Debug|Any CPU = Debug|Any CPU
		Release|Any CPU = Release|Any CPU
	EndGlobalSection
	GlobalSection(ProjectConfigurationPlatforms) = postSolution
		{79E59ABA-9F41-43F4-A0F1-7CB45BDD8A06}.Debug|Any CPU.ActiveCfg = Debug|Any CPU
		{79E59ABA-9F41-43F4-A0F1-7CB45BDD8A06}.Debug|Any CPU.Build.0 = Debug|Any CPU
		{79E59ABA-9F41-43F4-A0F1-7CB45BDD8A06}.Release|Any CPU.ActiveCfg = Release|Any CPU
		{79E59ABA-9F41-43F4-A0F1-7CB45BDD8A06}.Release|Any CPU.Build.0 = Release|Any CPU
		{4361BB99-0374-4A6F-BFD3-4ABC35ABCF44}.Debug|Any CPU.ActiveCfg = Debug|Any CPU
		{4361BB99-0374-4A6F-BFD3-4ABC35ABCF44}.Debug|Any CPU.Build.0 = Debug|Any CPU
		{4361BB99-0374-4A6F-BFD3-4ABC35ABCF44}.Release|Any CPU.ActiveCfg = Release|Any CPU
		{4361BB99-0374-4A6F-BFD3-4ABC35ABCF44}.Release|Any CPU.Build.0 = Release|Any CPU
		{B369C8A2-C55D-414D-BBBB-CCCF04B99822}.Debug|Any CPU.ActiveCfg = Debug|Any CPU
		{B369C8A2-C55D-414D-BBBB-CCCF04B99822}.Debug|Any CPU.Build.0 = Debug|Any CPU
		{B369C8A2-C55D-414D-BBBB-CCCF04B99822}.Release|Any CPU.ActiveCfg = Release|Any CPU
		{B369C8A2-C55D-414D-BBBB-CCCF04B99822}.Release|Any CPU.Build.0 = Release|Any CPU
		{FC0AAD43-86BF-4D11-B291-88FF7BF1C509}.Debug|Any CPU.ActiveCfg = Debug|Any CPU
		{FC0AAD43-86BF-4D11-B291-88FF7BF1C509}.Debug|Any CPU.Build.0 = Debug|Any CPU
		{FC0AAD43-86BF-4D11-B291-88FF7BF1C509}.Release|Any CPU.ActiveCfg = Release|Any CPU
		{FC0AAD43-86BF-4D11-B291-88FF7BF1C509}.Release|Any CPU.Build.0 = Release|Any CPU
		{12FDA985-C5B7-46CC-AD56-858074BCCF10}.Debug|Any CPU.ActiveCfg = Debug|Any CPU
		{12FDA985-C5B7-46CC-AD56-858074BCCF10}.Debug|Any CPU.Build.0 = Debug|Any CPU
		{12FDA985-C5B7-46CC-AD56-858074BCCF10}.Release|Any CPU.ActiveCfg = Release|Any CPU
		{12FDA985-C5B7-46CC-AD56-858074BCCF10}.Release|Any CPU.Build.0 = Release|Any CPU
	EndGlobalSection
	GlobalSection(SolutionProperties) = preSolution
		HideSolutionNode = FALSE
	EndGlobalSection
EndGlobal
